<?xml version="1.0" encoding="utf-8"?>
<Project ToolsVersion="4.0" xmlns="http://schemas.microsoft.com/developer/msbuild/2003">
  <ItemGroup>
    <ClCompile Include="dllmain.cpp" />
    <ClCompile Include="pch.cpp" />
    <ClCompile Include="Loader.cpp" />
    <ClCompile Include="CriLoader.cpp">
      <Filter>Loaders</Filter>
    </ClCompile>
    <ClCompile Include="CodeLoader.cpp">
      <Filter>Loaders</Filter>
    </ClCompile>
    <ClCompile Include="ConfigLoader.cpp">
      <Filter>Loaders</Filter>
    </ClCompile>
    <ClCompile Include="ModLoader.cpp">
      <Filter>Loaders</Filter>
    </ClCompile>
    <ClCompile Include="SigScan.cpp" />
    <ClCompile Include="DataPackLoader.cpp">
      <Filter>Loaders</Filter>
    </ClCompile>
    <ClCompile Include="LoggingHandler.cpp">
      <Filter>Handlers</Filter>
    </ClCompile>
    <ClCompile Include="SaveRedirection.cpp">
      <Filter>Handlers</Filter>
    </ClCompile>
    <ClCompile Include="RSDKPatches.cpp">
      <Filter>Handlers</Filter>
    </ClCompile>
    <ClCompile Include="Helpers.cpp" />
    <ClCompile Include="StubFunctions.cpp" />
  </ItemGroup>
  <ItemGroup>
    <ClInclude Include="pch.h" />
    <ClInclude Include="resource.h" />
    <ClInclude Include="include\CommonLoader.h">
      <Filter>Includes</Filter>
    </ClInclude>
    <ClInclude Include="include\detours.h">
      <Filter>Includes</Filter>
    </ClInclude>
    <ClInclude Include="include\detver.h">
      <Filter>Includes</Filter>
    </ClInclude>
    <ClInclude Include="include\INIReader.h">
      <Filter>Includes</Filter>
    </ClInclude>
    <ClInclude Include="include\syelog.h">
      <Filter>Includes</Filter>
    </ClInclude>
    <ClInclude Include="SigScan.h" />
    <ClInclude Include="Loader.h" />
    <ClInclude Include="CriLoader.h">
      <Filter>Loaders</Filter>
    </ClInclude>
    <ClInclude Include="include\HiteModLoader.h">
      <Filter>Includes</Filter>
    </ClInclude>
    <ClInclude Include="ConfigLoader.h">
      <Filter>Loaders</Filter>
    </ClInclude>
    <ClInclude Include="CodeLoader.h">
      <Filter>Loaders</Filter>
    </ClInclude>
    <ClInclude Include="ModLoader.h">
      <Filter>Loaders</Filter>
    </ClInclude>
    <ClInclude Include="DataPackLoader.h">
      <Filter>Loaders</Filter>
    </ClInclude>
    <ClInclude Include="LoggingHandler.h">
      <Filter>Handlers</Filter>
    </ClInclude>
    <ClInclude Include="SaveRedirection.h">
      <Filter>Handlers</Filter>
    </ClInclude>
    <ClInclude Include="RSDKPatches.h">
      <Filter>Handlers</Filter>
    </ClInclude>
    <ClInclude Include="include\Helpers.h">
      <Filter>Includes</Filter>
    </ClInclude>
    <ClInclude Include="StubFunctions.h" />
  </ItemGroup>
  <ItemGroup>
    <ResourceCompile Include="HiteModLoader.rc" />
  </ItemGroup>
  <ItemGroup>
    <Filter Include="Includes">
      <UniqueIdentifier>{95fd4884-f50b-4347-ac1b-565468544f17}</UniqueIdentifier>
    </Filter>
    <Filter Include="Loaders">
      <UniqueIdentifier>{38e8079d-8910-4d34-b71e-2c136d876303}</UniqueIdentifier>
    </Filter>
    <Filter Include="Handlers">
      <UniqueIdentifier>{194913c4-2372-4090-b6e4-6603d9010188}</UniqueIdentifier>
    </Filter>
  </ItemGroup>
</Project>